
Microsoft Visual Studio Solution File, Format Version 12.00
# Visual Studio 15
VisualStudioVersion = 15.0.27703.2042
MinimumVisualStudioVersion = 10.0.40219.1
Project("{FAE04EC0-301F-11D3-BF4B-00C04F79EFBC}") = "CiviCRMToMYOBConsole", "CiviCRMToMYOBConsole\CiviCRMToMYOBConsole.csproj", "{A9A52D73-B041-48E0-BD7E-83938625DF24}"
EndProject
Project("{FAE04EC0-301F-11D3-BF4B-00C04F79EFBC}") = "CiviCRMToMYOB", "CiviCRMToMYOB\CiviCRMToMYOB.csproj", "{A1472DCC-B80B-4366-A7A4-89CD39A58005}"
EndProject
Global
	GlobalSection(SolutionConfigurationPlatforms) = preSolution
		Debug|Any CPU = Debug|Any CPU
		Release|Any CPU = Release|Any CPU
	EndGlobalSection
	GlobalSection(ProjectConfigurationPlatforms) = postSolution
		{A9A52D73-B041-48E0-BD7E-83938625DF24}.Debug|Any CPU.ActiveCfg = Debug|Any CPU
		{A9A52D73-B041-48E0-BD7E-83938625DF24}.Debug|Any CPU.Build.0 = Debug|Any CPU
		{A9A52D73-B041-48E0-BD7E-83938625DF24}.Release|Any CPU.ActiveCfg = Release|Any CPU
		{A9A52D73-B041-48E0-BD7E-83938625DF24}.Release|Any CPU.Build.0 = Release|Any CPU
		{A1472DCC-B80B-4366-A7A4-89CD39A58005}.Debug|Any CPU.ActiveCfg = Debug|Any CPU
		{A1472DCC-B80B-4366-A7A4-89CD39A58005}.Debug|Any CPU.Build.0 = Debug|Any CPU
		{A1472DCC-B80B-4366-A7A4-89CD39A58005}.Release|Any CPU.ActiveCfg = Release|Any CPU
		{A1472DCC-B80B-4366-A7A4-89CD39A58005}.Release|Any CPU.Build.0 = Release|Any CPU
	EndGlobalSection
	GlobalSection(SolutionProperties) = preSolution
		HideSolutionNode = FALSE
	EndGlobalSection
	GlobalSection(ExtensibilityGlobals) = postSolution
		SolutionGuid = {CBC00F4A-EE50-4DEB-B9C8-098C9B7256F3}
	EndGlobalSection
EndGlobal
